
Microsoft Visual Studio Solution File, Format Version 12.00
# Visual Studio Version 17
VisualStudioVersion = 17.0.31903.59
MinimumVisualStudioVersion = 10.0.40219.1
Project("{FAE04EC0-301F-11D3-BF4B-00C04F79EFBC}") = "Application", "Application\Application.csproj", "{633C9791-FADD-43F2-BEA7-AC2FB202DE53}"
EndProject
Project("{FAE04EC0-301F-11D3-BF4B-00C04F79EFBC}") = "Infrastructure", "Infrastructure\Infrastructure.csproj", "{D69387A6-B82A-4FD5-B7C1-93C1CE699ECA}"
EndProject
Project("{FAE04EC0-301F-11D3-BF4B-00C04F79EFBC}") = "Domain", "Domain\Domain.csproj", "{BAFE7213-99E9-498A-87C1-13A0E6D58224}"
EndProject
Project("{FAE04EC0-301F-11D3-BF4B-00C04F79EFBC}") = "WebUI", "WebUI\WebUI.csproj", "{59419FE4-91C8-420F-8922-47A3178A7432}"
EndProject
Global
	GlobalSection(SolutionConfigurationPlatforms) = preSolution
		Debug|Any CPU = Debug|Any CPU
		Release|Any CPU = Release|Any CPU
	EndGlobalSection
	GlobalSection(SolutionProperties) = preSolution
		HideSolutionNode = FALSE
	EndGlobalSection
	GlobalSection(ProjectConfigurationPlatforms) = postSolution
		{633C9791-FADD-43F2-BEA7-AC2FB202DE53}.Debug|Any CPU.ActiveCfg = Debug|Any CPU
		{633C9791-FADD-43F2-BEA7-AC2FB202DE53}.Debug|Any CPU.Build.0 = Debug|Any CPU
		{633C9791-FADD-43F2-BEA7-AC2FB202DE53}.Release|Any CPU.ActiveCfg = Release|Any CPU
		{633C9791-FADD-43F2-BEA7-AC2FB202DE53}.Release|Any CPU.Build.0 = Release|Any CPU
		{D69387A6-B82A-4FD5-B7C1-93C1CE699ECA}.Debug|Any CPU.ActiveCfg = Debug|Any CPU
		{D69387A6-B82A-4FD5-B7C1-93C1CE699ECA}.Debug|Any CPU.Build.0 = Debug|Any CPU
		{D69387A6-B82A-4FD5-B7C1-93C1CE699ECA}.Release|Any CPU.ActiveCfg = Release|Any CPU
		{D69387A6-B82A-4FD5-B7C1-93C1CE699ECA}.Release|Any CPU.Build.0 = Release|Any CPU
		{BAFE7213-99E9-498A-87C1-13A0E6D58224}.Debug|Any CPU.ActiveCfg = Debug|Any CPU
		{BAFE7213-99E9-498A-87C1-13A0E6D58224}.Debug|Any CPU.Build.0 = Debug|Any CPU
		{BAFE7213-99E9-498A-87C1-13A0E6D58224}.Release|Any CPU.ActiveCfg = Release|Any CPU
		{BAFE7213-99E9-498A-87C1-13A0E6D58224}.Release|Any CPU.Build.0 = Release|Any CPU
		{59419FE4-91C8-420F-8922-47A3178A7432}.Debug|Any CPU.ActiveCfg = Debug|Any CPU
		{59419FE4-91C8-420F-8922-47A3178A7432}.Debug|Any CPU.Build.0 = Debug|Any CPU
		{59419FE4-91C8-420F-8922-47A3178A7432}.Release|Any CPU.ActiveCfg = Release|Any CPU
		{59419FE4-91C8-420F-8922-47A3178A7432}.Release|Any CPU.Build.0 = Release|Any CPU
	EndGlobalSection
EndGlobal
